Microsoft Visual Studio Solution File, Format Version 12.00
# Visual Studio 15
VisualStudioVersion = 15.0.27130.2027
MinimumVisualStudioVersion = 15.0.26124.0
Project("{9A19103F-16F7-4668-BE54-9A1E7A4F7556}") = "Threenine.Map", "src\Threenine.Map.csproj", "{1CDD5884-E7D3-435B-B0FC-30DAC41B3B94}"
EndProject
Project("{2150E333-8FDC-42A3-9474-1A3956D46DE8}") = "tests", "tests", "{1F5C8EB2-12EE-4ACE-9084-1F9C4474CC84}"
EndProject
Project("{9A19103F-16F7-4668-BE54-9A1E7A4F7556}") = "MapperTests", "tests\MapperTests\MapperTests.csproj", "{9BF2645A-007C-4402-9AAB-08F813CBF680}"
EndProject
Project("{9A19103F-16F7-4668-BE54-9A1E7A4F7556}") = "DomainObjects", "tests\DomainObjects\DomainObjects.csproj", "{8A8B8DD5-7961-49C6-A2A9-F91954236396}"
EndProject
Project("{9A19103F-16F7-4668-BE54-9A1E7A4F7556}") = "EntityObjects", "tests\EntityObjects\EntityObjects.csproj", "{36A8C934-D5DB-4153-86D3-DC8975421E78}"
EndProject
Global
	GlobalSection(SolutionConfigurationPlatforms) = preSolution
		Debug|Any CPU = Debug|Any CPU
		Debug|x64 = Debug|x64
		Debug|x86 = Debug|x86
		Release|Any CPU = Release|Any CPU
		Release|x64 = Release|x64
		Release|x86 = Release|x86
	EndGlobalSection
	GlobalSection(ProjectConfigurationPlatforms) = postSolution
		{1CDD5884-E7D3-435B-B0FC-30DAC41B3B94}.Debug|Any CPU.ActiveCfg = Debug|Any CPU
		{1CDD5884-E7D3-435B-B0FC-30DAC41B3B94}.Debug|Any CPU.Build.0 = Debug|Any CPU
		{1CDD5884-E7D3-435B-B0FC-30DAC41B3B94}.Debug|x64.ActiveCfg = Debug|Any CPU
		{1CDD5884-E7D3-435B-B0FC-30DAC41B3B94}.Debug|x64.Build.0 = Debug|Any CPU
		{1CDD5884-E7D3-435B-B0FC-30DAC41B3B94}.Debug|x86.ActiveCfg = Debug|Any CPU
		{1CDD5884-E7D3-435B-B0FC-30DAC41B3B94}.Debug|x86.Build.0 = Debug|Any CPU
		{1CDD5884-E7D3-435B-B0FC-30DAC41B3B94}.Release|Any CPU.ActiveCfg = Release|Any CPU
		{1CDD5884-E7D3-435B-B0FC-30DAC41B3B94}.Release|Any CPU.Build.0 = Release|Any CPU
		{1CDD5884-E7D3-435B-B0FC-30DAC41B3B94}.Release|x64.ActiveCfg = Release|Any CPU
		{1CDD5884-E7D3-435B-B0FC-30DAC41B3B94}.Release|x64.Build.0 = Release|Any CPU
		{1CDD5884-E7D3-435B-B0FC-30DAC41B3B94}.Release|x86.ActiveCfg = Release|Any CPU
		{1CDD5884-E7D3-435B-B0FC-30DAC41B3B94}.Release|x86.Build.0 = Release|Any CPU
		{9BF2645A-007C-4402-9AAB-08F813CBF680}.Debug|Any CPU.ActiveCfg = Debug|Any CPU
		{9BF2645A-007C-4402-9AAB-08F813CBF680}.Debug|Any CPU.Build.0 = Debug|Any CPU
		{9BF2645A-007C-4402-9AAB-08F813CBF680}.Debug|x64.ActiveCfg = Debug|Any CPU
		{9BF2645A-007C-4402-9AAB-08F813CBF680}.Debug|x64.Build.0 = Debug|Any CPU
		{9BF2645A-007C-4402-9AAB-08F813CBF680}.Debug|x86.ActiveCfg = Debug|Any CPU
		{9BF2645A-007C-4402-9AAB-08F813CBF680}.Debug|x86.Build.0 = Debug|Any CPU
		{9BF2645A-007C-4402-9AAB-08F813CBF680}.Release|Any CPU.ActiveCfg = Release|Any CPU
		{9BF2645A-007C-4402-9AAB-08F813CBF680}.Release|Any CPU.Build.0 = Release|Any CPU
		{9BF2645A-007C-4402-9AAB-08F813CBF680}.Release|x64.ActiveCfg = Release|Any CPU
		{9BF2645A-007C-4402-9AAB-08F813CBF680}.Release|x64.Build.0 = Release|Any CPU
		{9BF2645A-007C-4402-9AAB-08F813CBF680}.Release|x86.ActiveCfg = Release|Any CPU
		{9BF2645A-007C-4402-9AAB-08F813CBF680}.Release|x86.Build.0 = Release|Any CPU
		{8A8B8DD5-7961-49C6-A2A9-F91954236396}.Debug|Any CPU.ActiveCfg = Debug|Any CPU
		{8A8B8DD5-7961-49C6-A2A9-F91954236396}.Debug|Any CPU.Build.0 = Debug|Any CPU
		{8A8B8DD5-7961-49C6-A2A9-F91954236396}.Debug|x64.ActiveCfg = Debug|Any CPU
		{8A8B8DD5-7961-49C6-A2A9-F91954236396}.Debug|x64.Build.0 = Debug|Any CPU
		{8A8B8DD5-7961-49C6-A2A9-F91954236396}.Debug|x86.ActiveCfg = Debug|Any CPU
		{8A8B8DD5-7961-49C6-A2A9-F91954236396}.Debug|x86.Build.0 = Debug|Any CPU
		{8A8B8DD5-7961-49C6-A2A9-F91954236396}.Release|Any CPU.ActiveCfg = Release|Any CPU
		{8A8B8DD5-7961-49C6-A2A9-F91954236396}.Release|Any CPU.Build.0 = Release|Any CPU
		{8A8B8DD5-7961-49C6-A2A9-F91954236396}.Release|x64.ActiveCfg = Release|Any CPU
		{8A8B8DD5-7961-49C6-A2A9-F91954236396}.Release|x64.Build.0 = Release|Any CPU
		{8A8B8DD5-7961-49C6-A2A9-F91954236396}.Release|x86.ActiveCfg = Release|Any CPU
		{8A8B8DD5-7961-49C6-A2A9-F91954236396}.Release|x86.Build.0 = Release|Any CPU
		{36A8C934-D5DB-4153-86D3-DC8975421E78}.Debug|Any CPU.ActiveCfg = Debug|Any CPU
		{36A8C934-D5DB-4153-86D3-DC8975421E78}.Debug|Any CPU.Build.0 = Debug|Any CPU
		{36A8C934-D5DB-4153-86D3-DC8975421E78}.Debug|x64.ActiveCfg = Debug|Any CPU
		{36A8C934-D5DB-4153-86D3-DC8975421E78}.Debug|x64.Build.0 = Debug|Any CPU
		{36A8C934-D5DB-4153-86D3-DC8975421E78}.Debug|x86.ActiveCfg = Debug|Any CPU
		{36A8C934-D5DB-4153-86D3-DC8975421E78}.Debug|x86.Build.0 = Debug|Any CPU
		{36A8C934-D5DB-4153-86D3-DC8975421E78}.Release|Any CPU.ActiveCfg = Release|Any CPU
		{36A8C934-D5DB-4153-86D3-DC8975421E78}.Release|Any CPU.Build.0 = Release|Any CPU
		{36A8C934-D5DB-4153-86D3-DC8975421E78}.Release|x64.ActiveCfg = Release|Any CPU
		{36A8C934-D5DB-4153-86D3-DC8975421E78}.Release|x64.Build.0 = Release|Any CPU
		{36A8C934-D5DB-4153-86D3-DC8975421E78}.Release|x86.ActiveCfg = Release|Any CPU
		{36A8C934-D5DB-4153-86D3-DC8975421E78}.Release|x86.Build.0 = Release|Any CPU
	EndGlobalSection
	GlobalSection(SolutionProperties) = preSolution
		HideSolutionNode = FALSE
	EndGlobalSection
	GlobalSection(NestedProjects) = preSolution
		{9BF2645A-007C-4402-9AAB-08F813CBF680} = {1F5C8EB2-12EE-4ACE-9084-1F9C4474CC84}
		{8A8B8DD5-7961-49C6-A2A9-F91954236396} = {1F5C8EB2-12EE-4ACE-9084-1F9C4474CC84}
		{36A8C934-D5DB-4153-86D3-DC8975421E78} = {1F5C8EB2-12EE-4ACE-9084-1F9C4474CC84}
	EndGlobalSection
	GlobalSection(ExtensibilityGlobals) = postSolution
		SolutionGuid = {6561A599-E970-4DEC-9C95-4D7FC365BB30}
	EndGlobalSection
EndGlobal
